
Microsoft Visual Studio Solution File, Format Version 12.00
# Visual Studio Version 17
VisualStudioVersion = 17.5.002.0
MinimumVisualStudioVersion = 10.0.40219.1
Project("{2150E333-8FDC-42A3-9474-1A3956D46DE8}") = "Log_Management_Service", "Log_Management_Service", "{BE55C3FE-8787-49D3-B1B0-3BAD9293DEBE}"
EndProject
Project("{9A19103F-16F7-4668-BE54-9A1E7A4F7556}") = "Log_Management_Service", "Log_Management_Service\Log_Management_Service\Log_Management_Service.csproj", "{F139F686-66D4-47F0-91C2-0A08C224491A}"
EndProject
Project("{2150E333-8FDC-42A3-9474-1A3956D46DE8}") = "User_Management_Service", "User_Management_Service", "{534D83EF-B14E-4512-8EEE-DD7D85F85141}"
EndProject
Project("{9A19103F-16F7-4668-BE54-9A1E7A4F7556}") = "User_Management_Service", "User_Management_Service\User_Management_Service\User_Management_Service.csproj", "{D910D03D-524B-4F72-AD6A-3BB1271E6669}"
EndProject
Global
	GlobalSection(SolutionConfigurationPlatforms) = preSolution
		Debug|Any CPU = Debug|Any CPU
		Release|Any CPU = Release|Any CPU
	EndGlobalSection
	GlobalSection(ProjectConfigurationPlatforms) = postSolution
		{F139F686-66D4-47F0-91C2-0A08C224491A}.Debug|Any CPU.ActiveCfg = Debug|Any CPU
		{F139F686-66D4-47F0-91C2-0A08C224491A}.Debug|Any CPU.Build.0 = Debug|Any CPU
		{F139F686-66D4-47F0-91C2-0A08C224491A}.Release|Any CPU.ActiveCfg = Release|Any CPU
		{F139F686-66D4-47F0-91C2-0A08C224491A}.Release|Any CPU.Build.0 = Release|Any CPU
		{D910D03D-524B-4F72-AD6A-3BB1271E6669}.Debug|Any CPU.ActiveCfg = Debug|Any CPU
		{D910D03D-524B-4F72-AD6A-3BB1271E6669}.Debug|Any CPU.Build.0 = Debug|Any CPU
		{D910D03D-524B-4F72-AD6A-3BB1271E6669}.Release|Any CPU.ActiveCfg = Release|Any CPU
		{D910D03D-524B-4F72-AD6A-3BB1271E6669}.Release|Any CPU.Build.0 = Release|Any CPU
	EndGlobalSection
	GlobalSection(SolutionProperties) = preSolution
		HideSolutionNode = FALSE
	EndGlobalSection
	GlobalSection(NestedProjects) = preSolution
		{F139F686-66D4-47F0-91C2-0A08C224491A} = {BE55C3FE-8787-49D3-B1B0-3BAD9293DEBE}
		{D910D03D-524B-4F72-AD6A-3BB1271E6669} = {534D83EF-B14E-4512-8EEE-DD7D85F85141}
	EndGlobalSection
	GlobalSection(ExtensibilityGlobals) = postSolution
		SolutionGuid = {99F44D58-C8C3-4B0B-B58B-B894402C4E2F}
	EndGlobalSection
EndGlobal
